// !$*UTF8*$!
{
	archiveVersion = 1;
	classes = {
	};
	objectVersion = 50;
	objects = {

/* Begin PBXBuildFile section */
		5503520D209482730066DE7C /* AppDelegate.m in Sources */ = {isa = PBXBuildFile; fileRef = 5503520C209482730066DE7C /* AppDelegate.m */; };
		55035210209482730066DE7C /* ViewController.m in Sources */ = {isa = PBXBuildFile; fileRef = 5503520F209482730066DE7C /* ViewController.m */; };
		55035213209482730066DE7C /* Main.storyboard in Resources */ = {isa = PBXBuildFile; fileRef = 55035211209482730066DE7C /* Main.storyboard */; };
		55035215209482750066DE7C /* Assets.xcassets in Resources */ = {isa = PBXBuildFile; fileRef = 55035214209482750066DE7C /* Assets.xcassets */; };
		55035218209482750066DE7C /* LaunchScreen.storyboard in Resources */ = {isa = PBXBuildFile; fileRef = 55035216209482750066DE7C /* LaunchScreen.storyboard */; };
		5503521B209482750066DE7C /* main.m in Sources */ = {isa = PBXBuildFile; fileRef = 5503521A209482750066DE7C /* main.m */; };
		5503524C209484CA0066DE7C /* IDDaDataTipsService.m in Sources */ = {isa = PBXBuildFile; fileRef = 55035224209484CA0066DE7C /* IDDaDataTipsService.m */; };
		5503524D209484CA0066DE7C /* IDDaDataRequestBuilder.m in Sources */ = {isa = PBXBuildFile; fileRef = 55035229209484CA0066DE7C /* IDDaDataRequestBuilder.m */; };
		5503524E209484CA0066DE7C /* IDDaDataNetworkService.m in Sources */ = {isa = PBXBuildFile; fileRef = 5503522A209484CA0066DE7C /* IDDaDataNetworkService.m */; };
		5503524F209484CA0066DE7C /* IDDaDataFilterObject.m in Sources */ = {isa = PBXBuildFile; fileRef = 5503522F209484CA0066DE7C /* IDDaDataFilterObject.m */; };
		55035250209484CA0066DE7C /* IDDaDataValuePlainObject.m in Sources */ = {isa = PBXBuildFile; fileRef = 55035230209484CA0066DE7C /* IDDaDataValuePlainObject.m */; };
		55035251209484CA0066DE7C /* IDDaDataAddressPlainObject.m in Sources */ = {isa = PBXBuildFile; fileRef = 55035232209484CA0066DE7C /* IDDaDataAddressPlainObject.m */; };
		55035252209484CA0066DE7C /* IDDaDataValueTypePlainObject.m in Sources */ = {isa = PBXBuildFile; fileRef = 55035236209484CA0066DE7C /* IDDaDataValueTypePlainObject.m */; };
		55035253209484CA0066DE7C /* IDDaDataOrganizationDataResponse.m in Sources */ = {isa = PBXBuildFile; fileRef = 5503523B209484CA0066DE7C /* IDDaDataOrganizationDataResponse.m */; };
		55035254209484CA0066DE7C /* IDDaDataOrganizationResponse.m in Sources */ = {isa = PBXBuildFile; fileRef = 5503523D209484CA0066DE7C /* IDDaDataOrganizationResponse.m */; };
		55035255209484CA0066DE7C /* IDDaDataOrganizationSuggestionsResponse.m in Sources */ = {isa = PBXBuildFile; fileRef = 5503523E209484CA0066DE7C /* IDDaDataOrganizationSuggestionsResponse.m */; };
		55035256209484CA0066DE7C /* IDDaDataOrganizationNameResponse.m in Sources */ = {isa = PBXBuildFile; fileRef = 55035240209484CA0066DE7C /* IDDaDataOrganizationNameResponse.m */; };
		55035257209484CA0066DE7C /* IDDaDataAddressSuggestionsResponse.m in Sources */ = {isa = PBXBuildFile; fileRef = 55035242209484CA0066DE7C /* IDDaDataAddressSuggestionsResponse.m */; };
		55035258209484CA0066DE7C /* IDDaDataAddressDataResponse.m in Sources */ = {isa = PBXBuildFile; fileRef = 55035246209484CA0066DE7C /* IDDaDataAddressDataResponse.m */; };
		55035259209484CA0066DE7C /* IDDaDataAddressResponse.m in Sources */ = {isa = PBXBuildFile; fileRef = 55035247209484CA0066DE7C /* IDDaDataAddressResponse.m */; };
		5503525A209484CA0066DE7C /* IDDaDataAddressFormatter.m in Sources */ = {isa = PBXBuildFile; fileRef = 5503524A209484CA0066DE7C /* IDDaDataAddressFormatter.m */; };
		5503525B209484CA0066DE7C /* IDViewAnimator.m in Sources */ = {isa = PBXBuildFile; fileRef = 5503524B209484CA0066DE7C /* IDViewAnimator.m */; };
		6EDBA46591A9B14D83DB27CF /* libPods-Example.a in Frameworks */ = {isa = PBXBuildFile; fileRef = 50DCBD682B0A04AFA74C7507 /* libPods-Example.a */; };
/* End PBXBuildFile section */

/* Begin PBXFileReference section */
		50DCBD682B0A04AFA74C7507 /* libPods-Example.a */ = {isa = PBXFileReference; explicitFileType = archive.ar; includeInIndex = 0; path = "libPods-Example.a"; sourceTree = BUILT_PRODUCTS_DIR; };
		55035208209482730066DE7C /* Example.app */ = {isa = PBXFileReference; explicitFileType = wrapper.application; includeInIndex = 0; path = Example.app; sourceTree = BUILT_PRODUCTS_DIR; };
		5503520B209482730066DE7C /* AppDelegate.h */ = {isa = PBXFileReference; lastKnownFileType = sourcecode.c.h; path = AppDelegate.h; sourceTree = "<group>"; };
		5503520C209482730066DE7C /* AppDelegate.m */ = {isa = PBXFileReference; lastKnownFileType = sourcecode.c.objc; path = AppDelegate.m; sourceTree = "<group>"; };
		5503520E209482730066DE7C /* ViewController.h */ = {isa = PBXFileReference; lastKnownFileType = sourcecode.c.h; path = ViewController.h; sourceTree = "<group>"; };
		5503520F209482730066DE7C /* ViewController.m */ = {isa = PBXFileReference; lastKnownFileType = sourcecode.c.objc; path = ViewController.m; sourceTree = "<group>"; };
		55035212209482730066DE7C /* Base */ = {isa = PBXFileReference; lastKnownFileType = file.storyboard; name = Base; path = Base.lproj/Main.storyboard; sourceTree = "<group>"; };
		55035214209482750066DE7C /* Assets.xcassets */ = {isa = PBXFileReference; lastKnownFileType = folder.assetcatalog; path = Assets.xcassets; sourceTree = "<group>"; };
		55035217209482750066DE7C /* Base */ = {isa = PBXFileReference; lastKnownFileType = file.storyboard; name = Base; path = Base.lproj/LaunchScreen.storyboard; sourceTree = "<group>"; };
		55035219209482750066DE7C /* Info.plist */ = {isa = PBXFileReference; lastKnownFileType = text.plist.xml; path = Info.plist; sourceTree = "<group>"; };
		5503521A209482750066DE7C /* main.m */ = {isa = PBXFileReference; lastKnownFileType = sourcecode.c.objc; path = main.m; sourceTree = "<group>"; };
		55035223209484CA0066DE7C /* IDDaDataTipsService.h */ = {isa = PBXFileReference; fileEncoding = 4; lastKnownFileType = sourcecode.c.h; path = IDDaDataTipsService.h; sourceTree = "<group>"; };
		55035224209484CA0066DE7C /* IDDaDataTipsService.m */ = {isa = PBXFileReference; fileEncoding = 4; lastKnownFileType = sourcecode.c.objc; path = IDDaDataTipsService.m; sourceTree = "<group>"; };
		55035225209484CA0066DE7C /* IDDaDataConstants.h */ = {isa = PBXFileReference; fileEncoding = 4; lastKnownFileType = sourcecode.c.h; path = IDDaDataConstants.h; sourceTree = "<group>"; };
		55035227209484CA0066DE7C /* IDDaDataRequestBuilder.h */ = {isa = PBXFileReference; fileEncoding = 4; lastKnownFileType = sourcecode.c.h; path = IDDaDataRequestBuilder.h; sourceTree = "<group>"; };
		55035228209484CA0066DE7C /* IDDaDataNetworkService.h */ = {isa = PBXFileReference; fileEncoding = 4; lastKnownFileType = sourcecode.c.h; path = IDDaDataNetworkService.h; sourceTree = "<group>"; };
		55035229209484CA0066DE7C /* IDDaDataRequestBuilder.m */ = {isa = PBXFileReference; fileEncoding = 4; lastKnownFileType = sourcecode.c.objc; path = IDDaDataRequestBuilder.m; sourceTree = "<group>"; };
		5503522A209484CA0066DE7C /* IDDaDataNetworkService.m */ = {isa = PBXFileReference; fileEncoding = 4; lastKnownFileType = sourcecode.c.objc; path = IDDaDataNetworkService.m; sourceTree = "<group>"; };
		5503522B209484CA0066DE7C /* IDViewAnimator.h */ = {isa = PBXFileReference; fileEncoding = 4; lastKnownFileType = sourcecode.c.h; path = IDViewAnimator.h; sourceTree = "<group>"; };
		5503522E209484CA0066DE7C /* IDDaDataAddressPlainObject.h */ = {isa = PBXFileReference; fileEncoding = 4; lastKnownFileType = sourcecode.c.h; path = IDDaDataAddressPlainObject.h; sourceTree = "<group>"; };
		5503522F209484CA0066DE7C /* IDDaDataFilterObject.m */ = {isa = PBXFileReference; fileEncoding = 4; lastKnownFileType = sourcecode.c.objc; path = IDDaDataFilterObject.m; sourceTree = "<group>"; };
		55035230209484CA0066DE7C /* IDDaDataValuePlainObject.m */ = {isa = PBXFileReference; fileEncoding = 4; lastKnownFileType = sourcecode.c.objc; path = IDDaDataValuePlainObject.m; sourceTree = "<group>"; };
		55035231209484CA0066DE7C /* IDDaDataValueTypePlainObject.h */ = {isa = PBXFileReference; fileEncoding = 4; lastKnownFileType = sourcecode.c.h; path = IDDaDataValueTypePlainObject.h; sourceTree = "<group>"; };
		55035232209484CA0066DE7C /* IDDaDataAddressPlainObject.m */ = {isa = PBXFileReference; fileEncoding = 4; lastKnownFileType = sourcecode.c.objc; path = IDDaDataAddressPlainObject.m; sourceTree = "<group>"; };
		55035233209484CA0066DE7C /* IDDaDataValuePlainObject.h */ = {isa = PBXFileReference; fileEncoding = 4; lastKnownFileType = sourcecode.c.h; path = IDDaDataValuePlainObject.h; sourceTree = "<group>"; };
		55035234209484CA0066DE7C /* IDDaDataFilterObject.h */ = {isa = PBXFileReference; fileEncoding = 4; lastKnownFileType = sourcecode.c.h; path = IDDaDataFilterObject.h; sourceTree = "<group>"; };
		55035235209484CA0066DE7C /* IDFIASLevel.h */ = {isa = PBXFileReference; fileEncoding = 4; lastKnownFileType = sourcecode.c.h; path = IDFIASLevel.h; sourceTree = "<group>"; };
		55035236209484CA0066DE7C /* IDDaDataValueTypePlainObject.m */ = {isa = PBXFileReference; fileEncoding = 4; lastKnownFileType = sourcecode.c.objc; path = IDDaDataValueTypePlainObject.m; sourceTree = "<group>"; };
		55035239209484CA0066DE7C /* IDDaDataOrganizationSuggestionsResponse.h */ = {isa = PBXFileReference; fileEncoding = 4; lastKnownFileType = sourcecode.c.h; path = IDDaDataOrganizationSuggestionsResponse.h; sourceTree = "<group>"; };
		5503523A209484CA0066DE7C /* IDDaDataOrganizationResponse.h */ = {isa = PBXFileReference; fileEncoding = 4; lastKnownFileType = sourcecode.c.h; path = IDDaDataOrganizationResponse.h; sourceTree = "<group>"; };
		5503523B209484CA0066DE7C /* IDDaDataOrganizationDataResponse.m */ = {isa = PBXFileReference; fileEncoding = 4; lastKnownFileType = sourcecode.c.objc; path = IDDaDataOrganizationDataResponse.m; sourceTree = "<group>"; };
		5503523C209484CA0066DE7C /* IDDaDataOrganizationNameResponse.h */ = {isa = PBXFileReference; fileEncoding = 4; lastKnownFileType = sourcecode.c.h; path = IDDaDataOrganizationNameResponse.h; sourceTree = "<group>"; };
		5503523D209484CA0066DE7C /* IDDaDataOrganizationResponse.m */ = {isa = PBXFileReference; fileEncoding = 4; lastKnownFileType = sourcecode.c.objc; path = IDDaDataOrganizationResponse.m; sourceTree = "<group>"; };
		5503523E209484CA0066DE7C /* IDDaDataOrganizationSuggestionsResponse.m */ = {isa = PBXFileReference; fileEncoding = 4; lastKnownFileType = sourcecode.c.objc; path = IDDaDataOrganizationSuggestionsResponse.m; sourceTree = "<group>"; };
		5503523F209484CA0066DE7C /* IDDaDataOrganizationDataResponse.h */ = {isa = PBXFileReference; fileEncoding = 4; lastKnownFileType = sourcecode.c.h; path = IDDaDataOrganizationDataResponse.h; sourceTree = "<group>"; };
		55035240209484CA0066DE7C /* IDDaDataOrganizationNameResponse.m */ = {isa = PBXFileReference; fileEncoding = 4; lastKnownFileType = sourcecode.c.objc; path = IDDaDataOrganizationNameResponse.m; sourceTree = "<group>"; };
		55035242209484CA0066DE7C /* IDDaDataAddressSuggestionsResponse.m */ = {isa = PBXFileReference; fileEncoding = 4; lastKnownFileType = sourcecode.c.objc; path = IDDaDataAddressSuggestionsResponse.m; sourceTree = "<group>"; };
		55035243209484CA0066DE7C /* IDDaDataAddressDataResponse.h */ = {isa = PBXFileReference; fileEncoding = 4; lastKnownFileType = sourcecode.c.h; path = IDDaDataAddressDataResponse.h; sourceTree = "<group>"; };
		55035244209484CA0066DE7C /* IDDaDataAddressResponse.h */ = {isa = PBXFileReference; fileEncoding = 4; lastKnownFileType = sourcecode.c.h; path = IDDaDataAddressResponse.h; sourceTree = "<group>"; };
		55035245209484CA0066DE7C /* IDDaDataAddressSuggestionsResponse.h */ = {isa = PBXFileReference; fileEncoding = 4; lastKnownFileType = sourcecode.c.h; path = IDDaDataAddressSuggestionsResponse.h; sourceTree = "<group>"; };
		55035246209484CA0066DE7C /* IDDaDataAddressDataResponse.m */ = {isa = PBXFileReference; fileEncoding = 4; lastKnownFileType = sourcecode.c.objc; path = IDDaDataAddressDataResponse.m; sourceTree = "<group>"; };
		55035247209484CA0066DE7C /* IDDaDataAddressResponse.m */ = {isa = PBXFileReference; fileEncoding = 4; lastKnownFileType = sourcecode.c.objc; path = IDDaDataAddressResponse.m; sourceTree = "<group>"; };
		55035249209484CA0066DE7C /* IDDaDataAddressFormatter.h */ = {isa = PBXFileReference; fileEncoding = 4; lastKnownFileType = sourcecode.c.h; path = IDDaDataAddressFormatter.h; sourceTree = "<group>"; };
		5503524A209484CA0066DE7C /* IDDaDataAddressFormatter.m */ = {isa = PBXFileReference; fileEncoding = 4; lastKnownFileType = sourcecode.c.objc; path = IDDaDataAddressFormatter.m; sourceTree = "<group>"; };
		5503524B209484CA0066DE7C /* IDViewAnimator.m */ = {isa = PBXFileReference; fileEncoding = 4; lastKnownFileType = sourcecode.c.objc; path = IDViewAnimator.m; sourceTree = "<group>"; };
		7D5886AF728EFE8C3F593F79 /* Pods-Example.debug.xcconfig */ = {isa = PBXFileReference; includeInIndex = 1; lastKnownFileType = text.xcconfig; name = "Pods-Example.debug.xcconfig"; path = "Pods/Target Support Files/Pods-Example/Pods-Example.debug.xcconfig"; sourceTree = "<group>"; };
		8150B77E7D5D4D7A135E2B39 /* Pods-Example.release.xcconfig */ = {isa = PBXFileReference; includeInIndex = 1; lastKnownFileType = text.xcconfig; name = "Pods-Example.release.xcconfig"; path = "Pods/Target Support Files/Pods-Example/Pods-Example.release.xcconfig"; sourceTree = "<group>"; };
/* End PBXFileReference section */

/* Begin PBXFrameworksBuildPhase section */
		55035205209482730066DE7C /* Frameworks */ = {
			isa = PBXFrameworksBuildPhase;
			buildActionMask = 2147483647;
			files = (
				6EDBA46591A9B14D83DB27CF /* libPods-Example.a in Frameworks */,
			);
			runOnlyForDeploymentPostprocessing = 0;
		};
/* End PBXFrameworksBuildPhase section */

/* Begin PBXGroup section */
		37D31E745F3517FF0A33CC6A /* Frameworks */ = {
			isa = PBXGroup;
			children = (
				50DCBD682B0A04AFA74C7507 /* libPods-Example.a */,
			);
			name = Frameworks;
			sourceTree = "<group>";
		};
		550351FF209482730066DE7C = {
			isa = PBXGroup;
			children = (
				55035221209484CA0066DE7C /* Classes */,
				5503520A209482730066DE7C /* Example */,
				55035209209482730066DE7C /* Products */,
				F431D0B038305E58E10689C8 /* Pods */,
				37D31E745F3517FF0A33CC6A /* Frameworks */,
			);
			sourceTree = "<group>";
		};
		55035209209482730066DE7C /* Products */ = {
			isa = PBXGroup;
			children = (
				55035208209482730066DE7C /* Example.app */,
			);
			name = Products;
			sourceTree = "<group>";
		};
		5503520A209482730066DE7C /* Example */ = {
			isa = PBXGroup;
			children = (
				5503520B209482730066DE7C /* AppDelegate.h */,
				5503520C209482730066DE7C /* AppDelegate.m */,
				5503520E209482730066DE7C /* ViewController.h */,
				5503520F209482730066DE7C /* ViewController.m */,
				55035211209482730066DE7C /* Main.storyboard */,
				55035214209482750066DE7C /* Assets.xcassets */,
				55035216209482750066DE7C /* LaunchScreen.storyboard */,
				55035219209482750066DE7C /* Info.plist */,
				5503521A209482750066DE7C /* main.m */,
			);
			path = Example;
			sourceTree = "<group>";
		};
		55035221209484CA0066DE7C /* Classes */ = {
			isa = PBXGroup;
			children = (
				5503522B209484CA0066DE7C /* IDViewAnimator.h */,
				5503524B209484CA0066DE7C /* IDViewAnimator.m */,
				5503522C209484CA0066DE7C /* Model */,
				55035222209484CA0066DE7C /* Network */,
			);
			path = Classes;
			sourceTree = "<group>";
		};
		55035222209484CA0066DE7C /* Network */ = {
			isa = PBXGroup;
			children = (
				55035223209484CA0066DE7C /* IDDaDataTipsService.h */,
				55035224209484CA0066DE7C /* IDDaDataTipsService.m */,
				55035225209484CA0066DE7C /* IDDaDataConstants.h */,
				55035226209484CA0066DE7C /* Base */,
			);
			path = Network;
			sourceTree = "<group>";
		};
		55035226209484CA0066DE7C /* Base */ = {
			isa = PBXGroup;
			children = (
				55035227209484CA0066DE7C /* IDDaDataRequestBuilder.h */,
				55035228209484CA0066DE7C /* IDDaDataNetworkService.h */,
				55035229209484CA0066DE7C /* IDDaDataRequestBuilder.m */,
				5503522A209484CA0066DE7C /* IDDaDataNetworkService.m */,
			);
			path = Base;
			sourceTree = "<group>";
		};
		5503522C209484CA0066DE7C /* Model */ = {
			isa = PBXGroup;
			children = (
				5503522D209484CA0066DE7C /* DTO */,
				55035237209484CA0066DE7C /* Responses */,
				55035248209484CA0066DE7C /* Formatters */,
			);
			path = Model;
			sourceTree = "<group>";
		};
		5503522D209484CA0066DE7C /* DTO */ = {
			isa = PBXGroup;
			children = (
				5503522E209484CA0066DE7C /* IDDaDataAddressPlainObject.h */,
				55035232209484CA0066DE7C /* IDDaDataAddressPlainObject.m */,
				55035234209484CA0066DE7C /* IDDaDataFilterObject.h */,
				5503522F209484CA0066DE7C /* IDDaDataFilterObject.m */,
				55035233209484CA0066DE7C /* IDDaDataValuePlainObject.h */,
				55035230209484CA0066DE7C /* IDDaDataValuePlainObject.m */,
				55035231209484CA0066DE7C /* IDDaDataValueTypePlainObject.h */,
				55035236209484CA0066DE7C /* IDDaDataValueTypePlainObject.m */,
				55035235209484CA0066DE7C /* IDFIASLevel.h */,
			);
			path = DTO;
			sourceTree = "<group>";
		};
		55035237209484CA0066DE7C /* Responses */ = {
			isa = PBXGroup;
			children = (
				55035238209484CA0066DE7C /* Organization */,
				55035241209484CA0066DE7C /* Address */,
			);
			path = Responses;
			sourceTree = "<group>";
		};
		55035238209484CA0066DE7C /* Organization */ = {
			isa = PBXGroup;
			children = (
				5503523F209484CA0066DE7C /* IDDaDataOrganizationDataResponse.h */,
				5503523B209484CA0066DE7C /* IDDaDataOrganizationDataResponse.m */,
				5503523C209484CA0066DE7C /* IDDaDataOrganizationNameResponse.h */,
				55035240209484CA0066DE7C /* IDDaDataOrganizationNameResponse.m */,
				5503523A209484CA0066DE7C /* IDDaDataOrganizationResponse.h */,
				5503523D209484CA0066DE7C /* IDDaDataOrganizationResponse.m */,
				55035239209484CA0066DE7C /* IDDaDataOrganizationSuggestionsResponse.h */,
				5503523E209484CA0066DE7C /* IDDaDataOrganizationSuggestionsResponse.m */,
			);
			path = Organization;
			sourceTree = "<group>";
		};
		55035241209484CA0066DE7C /* Address */ = {
			isa = PBXGroup;
			children = (
				55035243209484CA0066DE7C /* IDDaDataAddressDataResponse.h */,
				55035246209484CA0066DE7C /* IDDaDataAddressDataResponse.m */,
				55035244209484CA0066DE7C /* IDDaDataAddressResponse.h */,
				55035247209484CA0066DE7C /* IDDaDataAddressResponse.m */,
				55035245209484CA0066DE7C /* IDDaDataAddressSuggestionsResponse.h */,
				55035242209484CA0066DE7C /* IDDaDataAddressSuggestionsResponse.m */,
			);
			path = Address;
			sourceTree = "<group>";
		};
		55035248209484CA0066DE7C /* Formatters */ = {
			isa = PBXGroup;
			children = (
				55035249209484CA0066DE7C /* IDDaDataAddressFormatter.h */,
				5503524A209484CA0066DE7C /* IDDaDataAddressFormatter.m */,
			);
			path = Formatters;
			sourceTree = "<group>";
		};
		F431D0B038305E58E10689C8 /* Pods */ = {
			isa = PBXGroup;
			children = (
				7D5886AF728EFE8C3F593F79 /* Pods-Example.debug.xcconfig */,
				8150B77E7D5D4D7A135E2B39 /* Pods-Example.release.xcconfig */,
			);
			name = Pods;
			sourceTree = "<group>";
		};
/* End PBXGroup section */

/* Begin PBXNativeTarget section */
		55035207209482730066DE7C /* Example */ = {
			isa = PBXNativeTarget;
			buildConfigurationList = 5503521E209482750066DE7C /* Build configuration list for PBXNativeTarget "Example" */;
			buildPhases = (
				193A39989AF8DF4A29E7B8E4 /* [CP] Check Pods Manifest.lock */,
				55035204209482730066DE7C /* Sources */,
				55035205209482730066DE7C /* Frameworks */,
				55035206209482730066DE7C /* Resources */,
			);
			buildRules = (
			);
			dependencies = (
			);
			name = Example;
			productName = Example;
			productReference = 55035208209482730066DE7C /* Example.app */;
			productType = "com.apple.product-type.application";
		};
/* End PBXNativeTarget section */

/* Begin PBXProject section */
		55035200209482730066DE7C /* Project object */ = {
			isa = PBXProject;
			attributes = {
				LastUpgradeCheck = 0930;
				ORGANIZATIONNAME = "Improve Digital";
				TargetAttributes = {
					55035207209482730066DE7C = {
						CreatedOnToolsVersion = 9.3;
					};
				};
			};
			buildConfigurationList = 55035203209482730066DE7C /* Build configuration list for PBXProject "Example" */;
			compatibilityVersion = "Xcode 9.3";
			developmentRegion = en;
			hasScannedForEncodings = 0;
			knownRegions = (
				en,
				Base,
			);
			mainGroup = 550351FF209482730066DE7C;
			productRefGroup = 55035209209482730066DE7C /* Products */;
			projectDirPath = "";
			projectRoot = "";
			targets = (
				55035207209482730066DE7C /* Example */,
			);
		};
/* End PBXProject section */

/* Begin PBXResourcesBuildPhase section */
		55035206209482730066DE7C /* Resources */ = {
			isa = PBXResourcesBuildPhase;
			buildActionMask = 2147483647;
			files = (
				55035218209482750066DE7C /* LaunchScreen.storyboard in Resources */,
				55035215209482750066DE7C /* Assets.xcassets in Resources */,
				55035213209482730066DE7C /* Main.storyboard in Resources */,
			);
			runOnlyForDeploymentPostprocessing = 0;
		};
/* End PBXResourcesBuildPhase section */

/* Begin PBXShellScriptBuildPhase section */
		193A39989AF8DF4A29E7B8E4 /* [CP] Check Pods Manifest.lock */ = {
			isa = PBXShellScriptBuildPhase;
			buildActionMask = 2147483647;
			files = (
			);
			inputPaths = (
				"${PODS_PODFILE_DIR_PATH}/Podfile.lock",
				"${PODS_ROOT}/Manifest.lock",
			);
			name = "[CP] Check Pods Manifest.lock";
			outputPaths = (
				"$(DERIVED_FILE_DIR)/Pods-Example-checkManifestLockResult.txt",
			);
			runOnlyForDeploymentPostprocessing = 0;
			shellPath = /bin/sh;
			shellScript = "diff \"${PODS_PODFILE_DIR_PATH}/Podfile.lock\" \"${PODS_ROOT}/Manifest.lock\" > /dev/null\nif [ $? != 0 ] ; then\n    # print error to STDERR\n    echo \"error: The sandbox is not in sync with the Podfile.lock. Run 'pod install' or update your CocoaPods installation.\" >&2\n    exit 1\nfi\n# This output is used by Xcode 'outputs' to avoid re-running this script phase.\necho \"SUCCESS\" > \"${SCRIPT_OUTPUT_FILE_0}\"\n";
			showEnvVarsInLog = 0;
		};
/* End PBXShellScriptBuildPhase section */

/* Begin PBXSourcesBuildPhase section */
		55035204209482730066DE7C /* Sources */ = {
			isa = PBXSourcesBuildPhase;
			buildActionMask = 2147483647;
			files = (
				55035210209482730066DE7C /* ViewController.m in Sources */,
				55035250209484CA0066DE7C /* IDDaDataValuePlainObject.m in Sources */,
				5503525B209484CA0066DE7C /* IDViewAnimator.m in Sources */,
				5503524C209484CA0066DE7C /* IDDaDataTipsService.m in Sources */,
				55035258209484CA0066DE7C /* IDDaDataAddressDataResponse.m in Sources */,
				5503524E209484CA0066DE7C /* IDDaDataNetworkService.m in Sources */,
				5503524D209484CA0066DE7C /* IDDaDataRequestBuilder.m in Sources */,
				55035254209484CA0066DE7C /* IDDaDataOrganizationResponse.m in Sources */,
				55035259209484CA0066DE7C /* IDDaDataAddressResponse.m in Sources */,
				55035251209484CA0066DE7C /* IDDaDataAddressPlainObject.m in Sources */,
				5503521B209482750066DE7C /* main.m in Sources */,
				55035256209484CA0066DE7C /* IDDaDataOrganizationNameResponse.m in Sources */,
				55035255209484CA0066DE7C /* IDDaDataOrganizationSuggestionsResponse.m in Sources */,
				55035252209484CA0066DE7C /* IDDaDataValueTypePlainObject.m in Sources */,
				5503520D209482730066DE7C /* AppDelegate.m in Sources */,
				55035257209484CA0066DE7C /* IDDaDataAddressSuggestionsResponse.m in Sources */,
				5503525A209484CA0066DE7C /* IDDaDataAddressFormatter.m in Sources */,
				55035253209484CA0066DE7C /* IDDaDataOrganizationDataResponse.m in Sources */,
				5503524F209484CA0066DE7C /* IDDaDataFilterObject.m in Sources */,
			);
			runOnlyForDeploymentPostprocessing = 0;
		};
/* End PBXSourcesBuildPhase section */

/* Begin PBXVariantGroup section */
		55035211209482730066DE7C /* Main.storyboard */ = {
			isa = PBXVariantGroup;
			children = (
				55035212209482730066DE7C /* Base */,
			);
			name = Main.storyboard;
			sourceTree = "<group>";
		};
		55035216209482750066DE7C /* LaunchScreen.storyboard */ = {
			isa = PBXVariantGroup;
			children = (
				55035217209482750066DE7C /* Base */,
			);
			name = LaunchScreen.storyboard;
			sourceTree = "<group>";
		};
/* End PBXVariantGroup section */

/* Begin XCBuildConfiguration section */
		5503521C209482750066DE7C /* Debug */ = {
			isa = XCBuildConfiguration;
			buildSettings = {
				ALWAYS_SEARCH_USER_PATHS = NO;
				CLANG_ANALYZER_NONNULL = YES;
				CLANG_ANALYZER_NUMBER_OBJECT_CONVERSION = YES_AGGRESSIVE;
				CLANG_CXX_LANGUAGE_STANDARD = "gnu++14";
				CLANG_CXX_LIBRARY = "libc++";
				CLANG_ENABLE_MODULES = YES;
				CLANG_ENABLE_OBJC_ARC = YES;
				CLANG_ENABLE_OBJC_WEAK = YES;
				CLANG_WARN_BLOCK_CAPTURE_AUTORELEASING = YES;
				CLANG_WARN_BOOL_CONVERSION = YES;
				CLANG_WARN_COMMA = YES;
				CLANG_WARN_CONSTANT_CONVERSION = YES;
				CLANG_WARN_DEPRECATED_OBJC_IMPLEMENTATIONS = YES;
				CLANG_WARN_DIRECT_OBJC_ISA_USAGE = YES_ERROR;
				CLANG_WARN_DOCUMENTATION_COMMENTS = YES;
				CLANG_WARN_EMPTY_BODY = YES;
				CLANG_WARN_ENUM_CONVERSION = YES;
				CLANG_WARN_INFINITE_RECURSION = YES;
				CLANG_WARN_INT_CONVERSION = YES;
				CLANG_WARN_NON_LITERAL_NULL_CONVERSION = YES;
				CLANG_WARN_OBJC_IMPLICIT_RETAIN_SELF = YES;
				CLANG_WARN_OBJC_LITERAL_CONVERSION = YES;
				CLANG_WARN_OBJC_ROOT_CLASS = YES_ERROR;
				CLANG_WARN_RANGE_LOOP_ANALYSIS = YES;
				CLANG_WARN_STRICT_PROTOTYPES = YES;
				CLANG_WARN_SUSPICIOUS_MOVE = YES;
				CLANG_WARN_UNGUARDED_AVAILABILITY = YES_AGGRESSIVE;
				CLANG_WARN_UNREACHABLE_CODE = YES;
				CLANG_WARN__DUPLICATE_METHOD_MATCH = YES;
				CODE_SIGN_IDENTITY = "iPhone Developer";
				COPY_PHASE_STRIP = NO;
				DEBUG_INFORMATION_FORMAT = dwarf;
				ENABLE_STRICT_OBJC_MSGSEND = YES;
				ENABLE_TESTABILITY = YES;
				GCC_C_LANGUAGE_STANDARD = gnu11;
				GCC_DYNAMIC_NO_PIC = NO;
				GCC_NO_COMMON_BLOCKS = YES;
				GCC_OPTIMIZATION_LEVEL = 0;
				GCC_PREPROCESSOR_DEFINITIONS = (
					"DEBUG=1",
					"$(inherited)",
				);
				GCC_WARN_64_TO_32_BIT_CONVERSION = YES;
				GCC_WARN_ABOUT_RETURN_TYPE = YES_ERROR;
				GCC_WARN_UNDECLARED_SELECTOR = YES;
				GCC_WARN_UNINITIALIZED_AUTOS = YES_AGGRESSIVE;
				GCC_WARN_UNUSED_FUNCTION = YES;
				GCC_WARN_UNUSED_VARIABLE = YES;
				IPHONEOS_DEPLOYMENT_TARGET = 11.3;
				MTL_ENABLE_DEBUG_INFO = YES;
				ONLY_ACTIVE_ARCH = YES;
				SDKROOT = iphoneos;
			};
			name = Debug;
		};
		5503521D209482750066DE7C /* Release */ = {
			isa = XCBuildConfiguration;
			buildSettings = {
				ALWAYS_SEARCH_USER_PATHS = NO;
				CLANG_ANALYZER_NONNULL = YES;
				CLANG_ANALYZER_NUMBER_OBJECT_CONVERSION = YES_AGGRESSIVE;
				CLANG_CXX_LANGUAGE_STANDARD = "gnu++14";
				CLANG_CXX_LIBRARY = "libc++";
				CLANG_ENABLE_MODULES = YES;
				CLANG_ENABLE_OBJC_ARC = YES;
				CLANG_ENABLE_OBJC_WEAK = YES;
				CLANG_WARN_BLOCK_CAPTURE_AUTORELEASING = YES;
				CLANG_WARN_BOOL_CONVERSION = YES;
				CLANG_WARN_COMMA = YES;
				CLANG_WARN_CONSTANT_CONVERSION = YES;
				CLANG_WARN_DEPRECATED_OBJC_IMPLEMENTATIONS = YES;
				CLANG_WARN_DIRECT_OBJC_ISA_USAGE = YES_ERROR;
				CLANG_WARN_DOCUMENTATION_COMMENTS = YES;
				CLANG_WARN_EMPTY_BODY = YES;
				CLANG_WARN_ENUM_CONVERSION = YES;
				CLANG_WARN_INFINITE_RECURSION = YES;
				CLANG_WARN_INT_CONVERSION = YES;
				CLANG_WARN_NON_LITERAL_NULL_CONVERSION = YES;
				CLANG_WARN_OBJC_IMPLICIT_RETAIN_SELF = YES;
				CLANG_WARN_OBJC_LITERAL_CONVERSION = YES;
				CLANG_WARN_OBJC_ROOT_CLASS = YES_ERROR;
				CLANG_WARN_RANGE_LOOP_ANALYSIS = YES;
				CLANG_WARN_STRICT_PROTOTYPES = YES;
				CLANG_WARN_SUSPICIOUS_MOVE = YES;
				CLANG_WARN_UNGUARDED_AVAILABILITY = YES_AGGRESSIVE;
				CLANG_WARN_UNREACHABLE_CODE = YES;
				CLANG_WARN__DUPLICATE_METHOD_MATCH = YES;
				CODE_SIGN_IDENTITY = "iPhone Developer";
				COPY_PHASE_STRIP = NO;
				DEBUG_INFORMATION_FORMAT = "dwarf-with-dsym";
				ENABLE_NS_ASSERTIONS = NO;
				ENABLE_STRICT_OBJC_MSGSEND = YES;
				GCC_C_LANGUAGE_STANDARD = gnu11;
				GCC_NO_COMMON_BLOCKS = YES;
				GCC_WARN_64_TO_32_BIT_CONVERSION = YES;
				GCC_WARN_ABOUT_RETURN_TYPE = YES_ERROR;
				GCC_WARN_UNDECLARED_SELECTOR = YES;
				GCC_WARN_UNINITIALIZED_AUTOS = YES_AGGRESSIVE;
				GCC_WARN_UNUSED_FUNCTION = YES;
				GCC_WARN_UNUSED_VARIABLE = YES;
				IPHONEOS_DEPLOYMENT_TARGET = 11.3;
				MTL_ENABLE_DEBUG_INFO = NO;
				SDKROOT = iphoneos;
				VALIDATE_PRODUCT = YES;
			};
			name = Release;
		};
		5503521F209482750066DE7C /* Debug */ = {
			isa = XCBuildConfiguration;
			baseConfigurationReference = 7D5886AF728EFE8C3F593F79 /* Pods-Example.debug.xcconfig */;
			buildSettings = {
				ASSETCATALOG_COMPILER_APPICON_NAME = AppIcon;
				CODE_SIGN_STYLE = Automatic;
				DEVELOPMENT_TEAM = 3PWBFTH7H5;
				INFOPLIST_FILE = Example/Info.plist;
				LD_RUNPATH_SEARCH_PATHS = (
					"$(inherited)",
					"@executable_path/Frameworks",
				);
				PRODUCT_BUNDLE_IDENTIFIER = com.improvedigital..Example;
				PRODUCT_NAME = "$(TARGET_NAME)";
				TARGETED_DEVICE_FAMILY = "1,2";
			};
			name = Debug;
		};
		55035220209482750066DE7C /* Release */ = {
			isa = XCBuildConfiguration;
			baseConfigurationReference = 8150B77E7D5D4D7A135E2B39 /* Pods-Example.release.xcconfig */;
			buildSettings = {
				ASSETCATALOG_COMPILER_APPICON_NAME = AppIcon;
				CODE_SIGN_STYLE = Automatic;
				DEVELOPMENT_TEAM = 3PWBFTH7H5;
				INFOPLIST_FILE = Example/Info.plist;
				LD_RUNPATH_SEARCH_PATHS = (
					"$(inherited)",
					"@executable_path/Frameworks",
				);
				PRODUCT_BUNDLE_IDENTIFIER = com.improvedigital..Example;
				PRODUCT_NAME = "$(TARGET_NAME)";
				TARGETED_DEVICE_FAMILY = "1,2";
			};
			name = Release;
		};
/* End XCBuildConfiguration section */

/* Begin XCConfigurationList section */
		55035203209482730066DE7C /* Build configuration list for PBXProject "Example" */ = {
			isa = XCConfigurationList;
			buildConfigurations = (
				5503521C209482750066DE7C /* Debug */,
				5503521D209482750066DE7C /* Release */,
			);
			defaultConfigurationIsVisible = 0;
			defaultConfigurationName = Release;
		};
		5503521E209482750066DE7C /* Build configuration list for PBXNativeTarget "Example" */ = {
			isa = XCConfigurationList;
			buildConfigurations = (
				5503521F209482750066DE7C /* Debug */,
				55035220209482750066DE7C /* Release */,
			);
			defaultConfigurationIsVisible = 0;
			defaultConfigurationName = Release;
		};
/* End XCConfigurationList section */
	};
	rootObject = 55035200209482730066DE7C /* Project object */;
}
